
Microsoft Visual Studio Solution File, Format Version 12.00
# Visual Studio 15
VisualStudioVersion = 15.0.28307.271
MinimumVisualStudioVersion = 10.0.40219.1
Project("{9A19103F-16F7-4668-BE54-9A1E7A4F7556}") = "MyCodeCamp", "MyCodeCamp\MyCodeCamp.csproj", "{CA30DE4C-B679-4A60-8F11-BACF76357C1E}"
EndProject
Project("{FAE04EC0-301F-11D3-BF4B-00C04F79EFBC}") = "MyCodeCamp.Data", "MyCodeCamp.Data\MyCodeCamp.Data.csproj", "{48BE073B-8753-4E8D-B474-30D33D9DB8E4}"
EndProject
Global
	GlobalSection(SolutionConfigurationPlatforms) = preSolution
		Debug|Any CPU = Debug|Any CPU
		Release|Any CPU = Release|Any CPU
	EndGlobalSection
	GlobalSection(ProjectConfigurationPlatforms) = postSolution
		{CA30DE4C-B679-4A60-8F11-BACF76357C1E}.Debug|Any CPU.ActiveCfg = Debug|Any CPU
		{CA30DE4C-B679-4A60-8F11-BACF76357C1E}.Debug|Any CPU.Build.0 = Debug|Any CPU
		{CA30DE4C-B679-4A60-8F11-BACF76357C1E}.Release|Any CPU.ActiveCfg = Release|Any CPU
		{CA30DE4C-B679-4A60-8F11-BACF76357C1E}.Release|Any CPU.Build.0 = Release|Any CPU
		{48BE073B-8753-4E8D-B474-30D33D9DB8E4}.Debug|Any CPU.ActiveCfg = Debug|Any CPU
		{48BE073B-8753-4E8D-B474-30D33D9DB8E4}.Debug|Any CPU.Build.0 = Debug|Any CPU
		{48BE073B-8753-4E8D-B474-30D33D9DB8E4}.Release|Any CPU.ActiveCfg = Release|Any CPU
		{48BE073B-8753-4E8D-B474-30D33D9DB8E4}.Release|Any CPU.Build.0 = Release|Any CPU
	EndGlobalSection
	GlobalSection(SolutionProperties) = preSolution
		HideSolutionNode = FALSE
	EndGlobalSection
	GlobalSection(ExtensibilityGlobals) = postSolution
		SolutionGuid = {38059DEC-C944-4A75-A023-2D6A3CB8F589}
	EndGlobalSection
EndGlobal
